
Microsoft Visual Studio Solution File, Format Version 12.00
Project("{FAE04EC0-301F-11D3-BF4B-00C04F79EFBC}") = "Padel.Identity", "Padel.Identity\Padel.Identity.csproj", "{31DFD7CB-E143-4894-9B6E-47C3BF723A63}"
EndProject
Project("{FAE04EC0-301F-11D3-BF4B-00C04F79EFBC}") = "Padel.Identity.Test", "Padel.Identity.Test\Padel.Identity.Test.csproj", "{ABB6C984-EA8D-4571-B74D-51D19D98AA91}"
EndProject
Project("{FAE04EC0-301F-11D3-BF4B-00C04F79EFBC}") = "Padel.Chat", "Padel.Chat\Padel.Chat.csproj", "{727CB04D-32A1-498D-B737-3E6564DCB809}"
EndProject
Project("{FAE04EC0-301F-11D3-BF4B-00C04F79EFBC}") = "Padel.Chat.Test", "Padel.Chat.Test\Padel.Chat.Test.csproj", "{AD5597A2-4083-4B9F-B0BA-7254B2ED03E2}"
EndProject
Project("{2150E333-8FDC-42A3-9474-1A3956D46DE8}") = "Identity", "Identity", "{6698BE56-6D83-48AF-A824-AD614721A81F}"
EndProject
Project("{2150E333-8FDC-42A3-9474-1A3956D46DE8}") = "Playground", "Playground", "{EBC9C9F1-1E45-412F-A640-ABDABF83B107}"
EndProject
Project("{FAE04EC0-301F-11D3-BF4B-00C04F79EFBC}") = "Queue.Publisher", "Queue.Publisher\Queue.Publisher.csproj", "{94D06777-197D-439D-A68F-E726CD6FF98E}"
EndProject
Project("{FAE04EC0-301F-11D3-BF4B-00C04F79EFBC}") = "Padel.Queue", "Padel.Queue\Padel.Queue.csproj", "{ABD5DEBE-D87A-4F45-9306-F8B2A36E7D62}"
EndProject
Project("{FAE04EC0-301F-11D3-BF4B-00C04F79EFBC}") = "Queue.Consumer", "Queue.Consumer\Queue.Consumer.csproj", "{0071E6D1-957B-4930-A497-47CCE9FE50FA}"
EndProject
Project("{FAE04EC0-301F-11D3-BF4B-00C04F79EFBC}") = "Padel.Queue.Interface", "Padel.Queue.Interface\Padel.Queue.Interface.csproj", "{99C45569-D276-4FE1-B347-A73BE8966CFB}"
EndProject
Project("{FAE04EC0-301F-11D3-BF4B-00C04F79EFBC}") = "Padel.Chat.Runner", "Padel.Chat.Runner\Padel.Chat.Runner.csproj", "{A221725A-1A57-4F20-BB62-89F2DC3ACF07}"
EndProject
Project("{FAE04EC0-301F-11D3-BF4B-00C04F79EFBC}") = "Padel.Identity.Runner", "Padel.Identity.Runner\Padel.Identity.Runner.csproj", "{F1578E88-63D1-4AD6-BA9D-B7B031B9AF71}"
EndProject
Project("{FAE04EC0-301F-11D3-BF4B-00C04F79EFBC}") = "Padel.Test.Core", "Padel.Test.Core\Padel.Test.Core.csproj", "{8A31ADCD-A8DE-4AFD-963D-A797D46B5100}"
EndProject
Project("{2150E333-8FDC-42A3-9474-1A3956D46DE8}") = "Chat", "Chat", "{7F6B80ED-3F18-41CC-A5B8-51A5FB2F110C}"
EndProject
Project("{2150E333-8FDC-42A3-9474-1A3956D46DE8}") = "Infrastructure", "Infrastructure", "{037BE953-B3D4-4A66-951A-12E0D3331619}"
EndProject
Project("{2150E333-8FDC-42A3-9474-1A3956D46DE8}") = "Notification", "Notification", "{307ABDD5-5228-4706-B061-50E35D2EC9D1}"
EndProject
Project("{FAE04EC0-301F-11D3-BF4B-00C04F79EFBC}") = "Padel.Notification.Runner", "Padel.Notification.Runner\Padel.Notification.Runner.csproj", "{F0848478-DC95-43D1-93BC-7A10E167CBE5}"
EndProject
Project("{FAE04EC0-301F-11D3-BF4B-00C04F79EFBC}") = "Padel.Notification.Test", "Padel.Notification.Test\Padel.Notification.Test.csproj", "{4E51D8DB-E761-4C6C-8D80-00AF17FAF904}"
EndProject
Global
	GlobalSection(SolutionConfigurationPlatforms) = preSolution
		Debug|Any CPU = Debug|Any CPU
		Release|Any CPU = Release|Any CPU
	EndGlobalSection
	GlobalSection(ProjectConfigurationPlatforms) = postSolution
		{31DFD7CB-E143-4894-9B6E-47C3BF723A63}.Debug|Any CPU.ActiveCfg = Debug|Any CPU
		{31DFD7CB-E143-4894-9B6E-47C3BF723A63}.Debug|Any CPU.Build.0 = Debug|Any CPU
		{31DFD7CB-E143-4894-9B6E-47C3BF723A63}.Release|Any CPU.ActiveCfg = Release|Any CPU
		{31DFD7CB-E143-4894-9B6E-47C3BF723A63}.Release|Any CPU.Build.0 = Release|Any CPU
		{727CB04D-32A1-498D-B737-3E6564DCB809}.Debug|Any CPU.ActiveCfg = Debug|Any CPU
		{727CB04D-32A1-498D-B737-3E6564DCB809}.Debug|Any CPU.Build.0 = Debug|Any CPU
		{727CB04D-32A1-498D-B737-3E6564DCB809}.Release|Any CPU.ActiveCfg = Release|Any CPU
		{727CB04D-32A1-498D-B737-3E6564DCB809}.Release|Any CPU.Build.0 = Release|Any CPU
		{AD5597A2-4083-4B9F-B0BA-7254B2ED03E2}.Debug|Any CPU.ActiveCfg = Debug|Any CPU
		{AD5597A2-4083-4B9F-B0BA-7254B2ED03E2}.Debug|Any CPU.Build.0 = Debug|Any CPU
		{AD5597A2-4083-4B9F-B0BA-7254B2ED03E2}.Release|Any CPU.ActiveCfg = Release|Any CPU
		{AD5597A2-4083-4B9F-B0BA-7254B2ED03E2}.Release|Any CPU.Build.0 = Release|Any CPU
		{94D06777-197D-439D-A68F-E726CD6FF98E}.Debug|Any CPU.ActiveCfg = Debug|Any CPU
		{94D06777-197D-439D-A68F-E726CD6FF98E}.Debug|Any CPU.Build.0 = Debug|Any CPU
		{94D06777-197D-439D-A68F-E726CD6FF98E}.Release|Any CPU.ActiveCfg = Release|Any CPU
		{94D06777-197D-439D-A68F-E726CD6FF98E}.Release|Any CPU.Build.0 = Release|Any CPU
		{ABD5DEBE-D87A-4F45-9306-F8B2A36E7D62}.Debug|Any CPU.ActiveCfg = Debug|Any CPU
		{ABD5DEBE-D87A-4F45-9306-F8B2A36E7D62}.Debug|Any CPU.Build.0 = Debug|Any CPU
		{ABD5DEBE-D87A-4F45-9306-F8B2A36E7D62}.Release|Any CPU.ActiveCfg = Release|Any CPU
		{ABD5DEBE-D87A-4F45-9306-F8B2A36E7D62}.Release|Any CPU.Build.0 = Release|Any CPU
		{0071E6D1-957B-4930-A497-47CCE9FE50FA}.Debug|Any CPU.ActiveCfg = Debug|Any CPU
		{0071E6D1-957B-4930-A497-47CCE9FE50FA}.Debug|Any CPU.Build.0 = Debug|Any CPU
		{0071E6D1-957B-4930-A497-47CCE9FE50FA}.Release|Any CPU.ActiveCfg = Release|Any CPU
		{0071E6D1-957B-4930-A497-47CCE9FE50FA}.Release|Any CPU.Build.0 = Release|Any CPU
		{99C45569-D276-4FE1-B347-A73BE8966CFB}.Debug|Any CPU.ActiveCfg = Debug|Any CPU
		{99C45569-D276-4FE1-B347-A73BE8966CFB}.Debug|Any CPU.Build.0 = Debug|Any CPU
		{99C45569-D276-4FE1-B347-A73BE8966CFB}.Release|Any CPU.ActiveCfg = Release|Any CPU
		{99C45569-D276-4FE1-B347-A73BE8966CFB}.Release|Any CPU.Build.0 = Release|Any CPU
		{A221725A-1A57-4F20-BB62-89F2DC3ACF07}.Debug|Any CPU.ActiveCfg = Debug|Any CPU
		{A221725A-1A57-4F20-BB62-89F2DC3ACF07}.Debug|Any CPU.Build.0 = Debug|Any CPU
		{A221725A-1A57-4F20-BB62-89F2DC3ACF07}.Release|Any CPU.ActiveCfg = Release|Any CPU
		{A221725A-1A57-4F20-BB62-89F2DC3ACF07}.Release|Any CPU.Build.0 = Release|Any CPU
		{F1578E88-63D1-4AD6-BA9D-B7B031B9AF71}.Debug|Any CPU.ActiveCfg = Debug|Any CPU
		{F1578E88-63D1-4AD6-BA9D-B7B031B9AF71}.Debug|Any CPU.Build.0 = Debug|Any CPU
		{F1578E88-63D1-4AD6-BA9D-B7B031B9AF71}.Release|Any CPU.ActiveCfg = Release|Any CPU
		{F1578E88-63D1-4AD6-BA9D-B7B031B9AF71}.Release|Any CPU.Build.0 = Release|Any CPU
		{8A31ADCD-A8DE-4AFD-963D-A797D46B5100}.Debug|Any CPU.ActiveCfg = Debug|Any CPU
		{8A31ADCD-A8DE-4AFD-963D-A797D46B5100}.Debug|Any CPU.Build.0 = Debug|Any CPU
		{8A31ADCD-A8DE-4AFD-963D-A797D46B5100}.Release|Any CPU.ActiveCfg = Release|Any CPU
		{8A31ADCD-A8DE-4AFD-963D-A797D46B5100}.Release|Any CPU.Build.0 = Release|Any CPU
		{ABB6C984-EA8D-4571-B74D-51D19D98AA91}.Debug|Any CPU.ActiveCfg = Debug|Any CPU
		{ABB6C984-EA8D-4571-B74D-51D19D98AA91}.Debug|Any CPU.Build.0 = Debug|Any CPU
		{F0848478-DC95-43D1-93BC-7A10E167CBE5}.Debug|Any CPU.ActiveCfg = Debug|Any CPU
		{F0848478-DC95-43D1-93BC-7A10E167CBE5}.Debug|Any CPU.Build.0 = Debug|Any CPU
		{F0848478-DC95-43D1-93BC-7A10E167CBE5}.Release|Any CPU.ActiveCfg = Release|Any CPU
		{F0848478-DC95-43D1-93BC-7A10E167CBE5}.Release|Any CPU.Build.0 = Release|Any CPU
		{4E51D8DB-E761-4C6C-8D80-00AF17FAF904}.Debug|Any CPU.ActiveCfg = Debug|Any CPU
		{4E51D8DB-E761-4C6C-8D80-00AF17FAF904}.Debug|Any CPU.Build.0 = Debug|Any CPU
		{4E51D8DB-E761-4C6C-8D80-00AF17FAF904}.Release|Any CPU.ActiveCfg = Release|Any CPU
		{4E51D8DB-E761-4C6C-8D80-00AF17FAF904}.Release|Any CPU.Build.0 = Release|Any CPU
	EndGlobalSection
	GlobalSection(NestedProjects) = preSolution
		{31DFD7CB-E143-4894-9B6E-47C3BF723A63} = {6698BE56-6D83-48AF-A824-AD614721A81F}
		{94D06777-197D-439D-A68F-E726CD6FF98E} = {EBC9C9F1-1E45-412F-A640-ABDABF83B107}
		{0071E6D1-957B-4930-A497-47CCE9FE50FA} = {EBC9C9F1-1E45-412F-A640-ABDABF83B107}
		{F1578E88-63D1-4AD6-BA9D-B7B031B9AF71} = {6698BE56-6D83-48AF-A824-AD614721A81F}
		{AD5597A2-4083-4B9F-B0BA-7254B2ED03E2} = {7F6B80ED-3F18-41CC-A5B8-51A5FB2F110C}
		{727CB04D-32A1-498D-B737-3E6564DCB809} = {7F6B80ED-3F18-41CC-A5B8-51A5FB2F110C}
		{A221725A-1A57-4F20-BB62-89F2DC3ACF07} = {7F6B80ED-3F18-41CC-A5B8-51A5FB2F110C}
		{ABD5DEBE-D87A-4F45-9306-F8B2A36E7D62} = {037BE953-B3D4-4A66-951A-12E0D3331619}
		{99C45569-D276-4FE1-B347-A73BE8966CFB} = {037BE953-B3D4-4A66-951A-12E0D3331619}
		{85381D1D-D3D3-4ED8-84A3-798268E2ABCC} = {6698BE56-6D83-48AF-A824-AD614721A81F}
		{8A31ADCD-A8DE-4AFD-963D-A797D46B5100} = {037BE953-B3D4-4A66-951A-12E0D3331619}
		{ABB6C984-EA8D-4571-B74D-51D19D98AA91} = {6698BE56-6D83-48AF-A824-AD614721A81F}
		{F0848478-DC95-43D1-93BC-7A10E167CBE5} = {307ABDD5-5228-4706-B061-50E35D2EC9D1}
		{4E51D8DB-E761-4C6C-8D80-00AF17FAF904} = {307ABDD5-5228-4706-B061-50E35D2EC9D1}
	EndGlobalSection
EndGlobal
