
Microsoft Visual Studio Solution File, Format Version 12.00
Project("{FAE04EC0-301F-11D3-BF4B-00C04F79EFBC}") = "Padel.Identity", "Padel.Identity\Padel.Identity.csproj", "{31DFD7CB-E143-4894-9B6E-47C3BF723A63}"
EndProject
Project("{FAE04EC0-301F-11D3-BF4B-00C04F79EFBC}") = "Padel.Runner", "Padel.Runner\Padel.Runner.csproj", "{CE275CC1-81A2-4467-BB83-35704F647957}"
EndProject
Project("{FAE04EC0-301F-11D3-BF4B-00C04F79EFBC}") = "Padel.Identity.Test", "Padel.Identity.Test\Padel.Identity.Test.csproj", "{ABB6C984-EA8D-4571-B74D-51D19D98AA91}"
EndProject
Project("{FAE04EC0-301F-11D3-BF4B-00C04F79EFBC}") = "Padel.Runner.Test", "Padel.Runner.Test\Padel.Runner.Test.csproj", "{34484CBF-AC47-45FB-ADE7-0C66758A3F79}"
EndProject
Project("{FAE04EC0-301F-11D3-BF4B-00C04F79EFBC}") = "Padel.Chat", "Padel.Chat\Padel.Chat.csproj", "{727CB04D-32A1-498D-B737-3E6564DCB809}"
EndProject
Project("{FAE04EC0-301F-11D3-BF4B-00C04F79EFBC}") = "Padel.Chat.Test", "Padel.Chat.Test\Padel.Chat.Test.csproj", "{AD5597A2-4083-4B9F-B0BA-7254B2ED03E2}"
EndProject
Project("{2150E333-8FDC-42A3-9474-1A3956D46DE8}") = "Src", "Src", "{6698BE56-6D83-48AF-A824-AD614721A81F}"
EndProject
Project("{2150E333-8FDC-42A3-9474-1A3956D46DE8}") = "Test", "Test", "{9D3AC142-369F-492A-92CF-DF49824FE932}"
EndProject
Project("{2150E333-8FDC-42A3-9474-1A3956D46DE8}") = "Playground", "Playground", "{EBC9C9F1-1E45-412F-A640-ABDABF83B107}"
EndProject
Project("{FAE04EC0-301F-11D3-BF4B-00C04F79EFBC}") = "Queue.Publisher", "Queue.Publisher\Queue.Publisher.csproj", "{94D06777-197D-439D-A68F-E726CD6FF98E}"
EndProject
Project("{FAE04EC0-301F-11D3-BF4B-00C04F79EFBC}") = "Padel.Queue", "Padel.Queue\Padel.Queue.csproj", "{ABD5DEBE-D87A-4F45-9306-F8B2A36E7D62}"
EndProject
Project("{FAE04EC0-301F-11D3-BF4B-00C04F79EFBC}") = "Queue.Consumer", "Queue.Consumer\Queue.Consumer.csproj", "{0071E6D1-957B-4930-A497-47CCE9FE50FA}"
EndProject
Project("{FAE04EC0-301F-11D3-BF4B-00C04F79EFBC}") = "Padel.Queue.Interface", "Padel.Queue.Interface\Padel.Queue.Interface.csproj", "{99C45569-D276-4FE1-B347-A73BE8966CFB}"
EndProject
Global
	GlobalSection(SolutionConfigurationPlatforms) = preSolution
		Debug|Any CPU = Debug|Any CPU
		Release|Any CPU = Release|Any CPU
	EndGlobalSection
	GlobalSection(ProjectConfigurationPlatforms) = postSolution
		{31DFD7CB-E143-4894-9B6E-47C3BF723A63}.Debug|Any CPU.ActiveCfg = Debug|Any CPU
		{31DFD7CB-E143-4894-9B6E-47C3BF723A63}.Debug|Any CPU.Build.0 = Debug|Any CPU
		{31DFD7CB-E143-4894-9B6E-47C3BF723A63}.Release|Any CPU.ActiveCfg = Release|Any CPU
		{31DFD7CB-E143-4894-9B6E-47C3BF723A63}.Release|Any CPU.Build.0 = Release|Any CPU
		{CE275CC1-81A2-4467-BB83-35704F647957}.Debug|Any CPU.ActiveCfg = Debug|Any CPU
		{CE275CC1-81A2-4467-BB83-35704F647957}.Debug|Any CPU.Build.0 = Debug|Any CPU
		{CE275CC1-81A2-4467-BB83-35704F647957}.Release|Any CPU.ActiveCfg = Release|Any CPU
		{CE275CC1-81A2-4467-BB83-35704F647957}.Release|Any CPU.Build.0 = Release|Any CPU
		{ABB6C984-EA8D-4571-B74D-51D19D98AA91}.Debug|Any CPU.ActiveCfg = Debug|Any CPU
		{ABB6C984-EA8D-4571-B74D-51D19D98AA91}.Debug|Any CPU.Build.0 = Debug|Any CPU
		{ABB6C984-EA8D-4571-B74D-51D19D98AA91}.Release|Any CPU.ActiveCfg = Release|Any CPU
		{ABB6C984-EA8D-4571-B74D-51D19D98AA91}.Release|Any CPU.Build.0 = Release|Any CPU
		{34484CBF-AC47-45FB-ADE7-0C66758A3F79}.Debug|Any CPU.ActiveCfg = Debug|Any CPU
		{34484CBF-AC47-45FB-ADE7-0C66758A3F79}.Debug|Any CPU.Build.0 = Debug|Any CPU
		{34484CBF-AC47-45FB-ADE7-0C66758A3F79}.Release|Any CPU.ActiveCfg = Release|Any CPU
		{34484CBF-AC47-45FB-ADE7-0C66758A3F79}.Release|Any CPU.Build.0 = Release|Any CPU
		{727CB04D-32A1-498D-B737-3E6564DCB809}.Debug|Any CPU.ActiveCfg = Debug|Any CPU
		{727CB04D-32A1-498D-B737-3E6564DCB809}.Debug|Any CPU.Build.0 = Debug|Any CPU
		{727CB04D-32A1-498D-B737-3E6564DCB809}.Release|Any CPU.ActiveCfg = Release|Any CPU
		{727CB04D-32A1-498D-B737-3E6564DCB809}.Release|Any CPU.Build.0 = Release|Any CPU
		{AD5597A2-4083-4B9F-B0BA-7254B2ED03E2}.Debug|Any CPU.ActiveCfg = Debug|Any CPU
		{AD5597A2-4083-4B9F-B0BA-7254B2ED03E2}.Debug|Any CPU.Build.0 = Debug|Any CPU
		{AD5597A2-4083-4B9F-B0BA-7254B2ED03E2}.Release|Any CPU.ActiveCfg = Release|Any CPU
		{AD5597A2-4083-4B9F-B0BA-7254B2ED03E2}.Release|Any CPU.Build.0 = Release|Any CPU
		{94D06777-197D-439D-A68F-E726CD6FF98E}.Debug|Any CPU.ActiveCfg = Debug|Any CPU
		{94D06777-197D-439D-A68F-E726CD6FF98E}.Debug|Any CPU.Build.0 = Debug|Any CPU
		{94D06777-197D-439D-A68F-E726CD6FF98E}.Release|Any CPU.ActiveCfg = Release|Any CPU
		{94D06777-197D-439D-A68F-E726CD6FF98E}.Release|Any CPU.Build.0 = Release|Any CPU
		{ABD5DEBE-D87A-4F45-9306-F8B2A36E7D62}.Debug|Any CPU.ActiveCfg = Debug|Any CPU
		{ABD5DEBE-D87A-4F45-9306-F8B2A36E7D62}.Debug|Any CPU.Build.0 = Debug|Any CPU
		{ABD5DEBE-D87A-4F45-9306-F8B2A36E7D62}.Release|Any CPU.ActiveCfg = Release|Any CPU
		{ABD5DEBE-D87A-4F45-9306-F8B2A36E7D62}.Release|Any CPU.Build.0 = Release|Any CPU
		{0071E6D1-957B-4930-A497-47CCE9FE50FA}.Debug|Any CPU.ActiveCfg = Debug|Any CPU
		{0071E6D1-957B-4930-A497-47CCE9FE50FA}.Debug|Any CPU.Build.0 = Debug|Any CPU
		{0071E6D1-957B-4930-A497-47CCE9FE50FA}.Release|Any CPU.ActiveCfg = Release|Any CPU
		{0071E6D1-957B-4930-A497-47CCE9FE50FA}.Release|Any CPU.Build.0 = Release|Any CPU
		{99C45569-D276-4FE1-B347-A73BE8966CFB}.Debug|Any CPU.ActiveCfg = Debug|Any CPU
		{99C45569-D276-4FE1-B347-A73BE8966CFB}.Debug|Any CPU.Build.0 = Debug|Any CPU
		{99C45569-D276-4FE1-B347-A73BE8966CFB}.Release|Any CPU.ActiveCfg = Release|Any CPU
		{99C45569-D276-4FE1-B347-A73BE8966CFB}.Release|Any CPU.Build.0 = Release|Any CPU
	EndGlobalSection
	GlobalSection(NestedProjects) = preSolution
		{727CB04D-32A1-498D-B737-3E6564DCB809} = {6698BE56-6D83-48AF-A824-AD614721A81F}
		{31DFD7CB-E143-4894-9B6E-47C3BF723A63} = {6698BE56-6D83-48AF-A824-AD614721A81F}
		{CE275CC1-81A2-4467-BB83-35704F647957} = {6698BE56-6D83-48AF-A824-AD614721A81F}
		{AD5597A2-4083-4B9F-B0BA-7254B2ED03E2} = {9D3AC142-369F-492A-92CF-DF49824FE932}
		{ABB6C984-EA8D-4571-B74D-51D19D98AA91} = {9D3AC142-369F-492A-92CF-DF49824FE932}
		{34484CBF-AC47-45FB-ADE7-0C66758A3F79} = {9D3AC142-369F-492A-92CF-DF49824FE932}
		{94D06777-197D-439D-A68F-E726CD6FF98E} = {EBC9C9F1-1E45-412F-A640-ABDABF83B107}
		{ABD5DEBE-D87A-4F45-9306-F8B2A36E7D62} = {6698BE56-6D83-48AF-A824-AD614721A81F}
		{0071E6D1-957B-4930-A497-47CCE9FE50FA} = {EBC9C9F1-1E45-412F-A640-ABDABF83B107}
		{99C45569-D276-4FE1-B347-A73BE8966CFB} = {6698BE56-6D83-48AF-A824-AD614721A81F}
	EndGlobalSection
EndGlobal
